// !$*UTF8*$!
{
	archiveVersion = 1;
	classes = {
	};
	objectVersion = 46;
	objects = {

/* Begin PBXBuildFile section */
		1D3623260D0F684500981E51 /* PhysFormAppDelegate.m in Sources */ = {isa = PBXBuildFile; fileRef = 1D3623250D0F684500981E51 /* PhysFormAppDelegate.m */; };
		1D60589B0D05DD56006BFB54 /* main.m in Sources */ = {isa = PBXBuildFile; fileRef = 29B97316FDCFA39411CA2CEA /* main.m */; };
		1D60589F0D05DD5A006BFB54 /* Foundation.framework in Frameworks */ = {isa = PBXBuildFile; fileRef = 1D30AB110D05D00D00671497 /* Foundation.framework */; };
		1DF5F4E00D08C38300B7A737 /* UIKit.framework in Frameworks */ = {isa = PBXBuildFile; fileRef = 1DF5F4DF0D08C38300B7A737 /* UIKit.framework */; };
		288765A50DF7441C002DB57D /* CoreGraphics.framework in Frameworks */ = {isa = PBXBuildFile; fileRef = 288765A40DF7441C002DB57D /* CoreGraphics.framework */; };
		28D7ACF80DDB3853001CB0EB /* PhysFormViewController.m in Sources */ = {isa = PBXBuildFile; fileRef = 28D7ACF70DDB3853001CB0EB /* PhysFormViewController.m */; };
		F205EA8614ACB9DC001F8AF6 /* CollectionOfElementsView.m in Sources */ = {isa = PBXBuildFile; fileRef = F205EA8514ACB9DC001F8AF6 /* CollectionOfElementsView.m */; };
		F205EA8914ACBF2E001F8AF6 /* CollectionOfElementsViewController.m in Sources */ = {isa = PBXBuildFile; fileRef = F205EA8814ACBF2E001F8AF6 /* CollectionOfElementsViewController.m */; };
		F207F31D1144FB8700256864 /* ReferenzView.m in Sources */ = {isa = PBXBuildFile; fileRef = F207F31A1144FB8700256864 /* ReferenzView.m */; };
		F207F31E1144FB8700256864 /* ReferenzViewController.m in Sources */ = {isa = PBXBuildFile; fileRef = F207F31C1144FB8700256864 /* ReferenzViewController.m */; };
		F207F4FB1145B67200256864 /* Referenz.plist in Resources */ = {isa = PBXBuildFile; fileRef = F207F4FA1145B67200256864 /* Referenz.plist */; };
		F20E53A522D9B6D4001794E9 /* Constants.xcassets in Resources */ = {isa = PBXBuildFile; fileRef = F20E53A422D9B6D4001794E9 /* Constants.xcassets */; };
		F20E53A722D9B914001794E9 /* Relativity.xcassets in Resources */ = {isa = PBXBuildFile; fileRef = F20E53A622D9B914001794E9 /* Relativity.xcassets */; };
		F20E53A922D9B94C001794E9 /* Mechanics.xcassets in Resources */ = {isa = PBXBuildFile; fileRef = F20E53A822D9B94C001794E9 /* Mechanics.xcassets */; };
		F20E53AB22D9B99A001794E9 /* Lagrange.xcassets in Resources */ = {isa = PBXBuildFile; fileRef = F20E53AA22D9B999001794E9 /* Lagrange.xcassets */; };
		F20E53AD22D9B9FE001794E9 /* Thermodynamics.xcassets in Resources */ = {isa = PBXBuildFile; fileRef = F20E53AC22D9B9FE001794E9 /* Thermodynamics.xcassets */; };
		F20E53AF22D9BB09001794E9 /* Electrodynamics.xcassets in Resources */ = {isa = PBXBuildFile; fileRef = F20E53AE22D9BB09001794E9 /* Electrodynamics.xcassets */; };
		F20E53B122D9BD04001794E9 /* LinearOptics.xcassets in Resources */ = {isa = PBXBuildFile; fileRef = F20E53B022D9BD04001794E9 /* LinearOptics.xcassets */; };
		F20E53B322D9BEBC001794E9 /* WaveOptics.xcassets in Resources */ = {isa = PBXBuildFile; fileRef = F20E53B222D9BEBC001794E9 /* WaveOptics.xcassets */; };
		F20E53B522D9BF18001794E9 /* QuantumPhysics.xcassets in Resources */ = {isa = PBXBuildFile; fileRef = F20E53B422D9BF18001794E9 /* QuantumPhysics.xcassets */; };
		F20E53B722D9BFA2001794E9 /* AtomPhysics.xcassets in Resources */ = {isa = PBXBuildFile; fileRef = F20E53B622D9BFA2001794E9 /* AtomPhysics.xcassets */; };
		F20E53B922D9C0A1001794E9 /* Fluidmechanics.xcassets in Resources */ = {isa = PBXBuildFile; fileRef = F20E53B822D9C0A1001794E9 /* Fluidmechanics.xcassets */; };
		F20E53BB22D9C0D8001794E9 /* Mathematics.xcassets in Resources */ = {isa = PBXBuildFile; fileRef = F20E53BA22D9C0D8001794E9 /* Mathematics.xcassets */; };
		F20E53BD22D9C121001794E9 /* Units.xcassets in Resources */ = {isa = PBXBuildFile; fileRef = F20E53BC22D9C121001794E9 /* Units.xcassets */; };
		F20E53BF22D9C284001794E9 /* DecimalPotents.xcassets in Resources */ = {isa = PBXBuildFile; fileRef = F20E53BE22D9C284001794E9 /* DecimalPotents.xcassets */; };
		F20E53C122D9C6CA001794E9 /* Assets.xcassets in Resources */ = {isa = PBXBuildFile; fileRef = F20E53C022D9C6CA001794E9 /* Assets.xcassets */; };
		F20F3D8414D42A10007388C0 /* fooDefault@2x.png in Resources */ = {isa = PBXBuildFile; fileRef = F20F3D8314D42A10007388C0 /* fooDefault@2x.png */; };
		F2115481160A62D00065A1D4 /* fooDefault-568h@2x.png in Resources */ = {isa = PBXBuildFile; fileRef = F2115480160A62D00065A1D4 /* fooDefault-568h@2x.png */; };
		F211D5FF120442C300107F12 /* fooDefaultiPad-Portrait.png in Resources */ = {isa = PBXBuildFile; fileRef = F211D5FE120442C300107F12 /* fooDefaultiPad-Portrait.png */; };
		F222169E0FE3EF1400967918 /* drawTest.m in Sources */ = {isa = PBXBuildFile; fileRef = F222169D0FE3EF1400967918 /* drawTest.m */; };
		F22556F50FC366440003F982 /* Icon.png in Resources */ = {isa = PBXBuildFile; fileRef = F22556F40FC366440003F982 /* Icon.png */; };
		F225570D0FC466150003F982 /* platzhalter.png in Resources */ = {isa = PBXBuildFile; fileRef = F225570C0FC466150003F982 /* platzhalter.png */; };
		F22D769D123C19DE00F6B84D /* tabbaritem1@2x.png in Resources */ = {isa = PBXBuildFile; fileRef = F22D769C123C19DE00F6B84D /* tabbaritem1@2x.png */; };
		F22D76CF123C1AE500F6B84D /* tabbaritem0@2x.png in Resources */ = {isa = PBXBuildFile; fileRef = F22D76CE123C1AE500F6B84D /* tabbaritem0@2x.png */; };
		F22D76DD123C1E1200F6B84D /* tabbaritem2@2x.png in Resources */ = {isa = PBXBuildFile; fileRef = F22D76DC123C1E1200F6B84D /* tabbaritem2@2x.png */; };
		F22D76E6123C1E8200F6B84D /* tabbaritem3@2x.png in Resources */ = {isa = PBXBuildFile; fileRef = F22D76E5123C1E8200F6B84D /* tabbaritem3@2x.png */; };
		F22D76E8123C1EDA00F6B84D /* tabbaritem4@2x.png in Resources */ = {isa = PBXBuildFile; fileRef = F22D76E7123C1EDA00F6B84D /* tabbaritem4@2x.png */; };
		F22D7700123C216A00F6B84D /* Icon@2x.png in Resources */ = {isa = PBXBuildFile; fileRef = F22D76FF123C216A00F6B84D /* Icon@2x.png */; };
		F230F29110FD219F0076EE37 /* calc.png in Resources */ = {isa = PBXBuildFile; fileRef = F230F29010FD219F0076EE37 /* calc.png */; };
		F23699BB0FE8332100C2890F /* GeneralCalculatorViewController.m in Sources */ = {isa = PBXBuildFile; fileRef = F23699BA0FE8332100C2890F /* GeneralCalculatorViewController.m */; };
		F2395285115427F300BC63BA /* fooDefault.png in Resources */ = {isa = PBXBuildFile; fileRef = F2395284115427F300BC63BA /* fooDefault.png */; };
		F239BAC320F75A6B00612965 /* DHSmartTableViewCell.m in Sources */ = {isa = PBXBuildFile; fileRef = F239BAC220F75A6A00612965 /* DHSmartTableViewCell.m */; };
		F239BAD420F8C12D00612965 /* GeneralCalculatorViewControllerTests.m in Sources */ = {isa = PBXBuildFile; fileRef = F239BAD320F8C12D00612965 /* GeneralCalculatorViewControllerTests.m */; };
		F24082F214CB3CA000292D9E /* icon57.png in Resources */ = {isa = PBXBuildFile; fileRef = F24082EF14CB3CA000292D9E /* icon57.png */; };
		F24082F314CB3CA000292D9E /* icon72.png in Resources */ = {isa = PBXBuildFile; fileRef = F24082F014CB3CA000292D9E /* icon72.png */; };
		F24082F414CB3CA000292D9E /* icon114.png in Resources */ = {isa = PBXBuildFile; fileRef = F24082F114CB3CA000292D9E /* icon114.png */; };
		F24E129C22DF4D8000F4038F /* PhyFormula.m in Sources */ = {isa = PBXBuildFile; fileRef = F24E129822DF4D8000F4038F /* PhyFormula.m */; };
		F24E129D22DF4D8000F4038F /* PhyCollectionTableViewController.m in Sources */ = {isa = PBXBuildFile; fileRef = F24E129922DF4D8000F4038F /* PhyCollectionTableViewController.m */; };
		F24E12A022DF4F4300F4038F /* PhyFormulaSection.m in Sources */ = {isa = PBXBuildFile; fileRef = F24E129F22DF4F4300F4038F /* PhyFormulaSection.m */; };
		F254F9A60FF6B50700EBBFF8 /* whiteButton.png in Resources */ = {isa = PBXBuildFile; fileRef = F254F9A50FF6B50700EBBFF8 /* whiteButton.png */; };
		F254F9B90FF773CF00EBBFF8 /* blueButton.png in Resources */ = {isa = PBXBuildFile; fileRef = F254F9B80FF773CF00EBBFF8 /* blueButton.png */; };
		F2554B720FAA02BD00004561 /* DestignatedCalculaterViewController.m in Sources */ = {isa = PBXBuildFile; fileRef = F2554B710FAA02BD00004561 /* DestignatedCalculaterViewController.m */; };
		F2569B350F9E2B0100968581 /* Data.plist in Resources */ = {isa = PBXBuildFile; fileRef = F2569B340F9E2B0100968581 /* Data.plist */; };
		F270E2061005DD7000843391 /* Localizable.strings in Resources */ = {isa = PBXBuildFile; fileRef = F270E2041005DD7000843391 /* Localizable.strings */; };
		F2748C6E11370F7600D2C9D7 /* tabbaritem2.png in Resources */ = {isa = PBXBuildFile; fileRef = F2748C6D11370F7600D2C9D7 /* tabbaritem2.png */; };
		F2748C88113712A000D2C9D7 /* tabbaritem1.png in Resources */ = {isa = PBXBuildFile; fileRef = F2748C87113712A000D2C9D7 /* tabbaritem1.png */; };
		F278DEF3101FA1A10035C8CF /* tabbaritem0.png in Resources */ = {isa = PBXBuildFile; fileRef = F278DEF2101FA1A10035C8CF /* tabbaritem0.png */; };
		F27963FE1143F7BC00B8EBDE /* tabbaritem4.png in Resources */ = {isa = PBXBuildFile; fileRef = F27963FD1143F7BC00B8EBDE /* tabbaritem4.png */; };
		F279640C1143FAEA00B8EBDE /* addFormula.png in Resources */ = {isa = PBXBuildFile; fileRef = F279640B1143FAEA00B8EBDE /* addFormula.png */; };
		F279640E1143FAFD00B8EBDE /* favorites.db in Resources */ = {isa = PBXBuildFile; fileRef = F279640D1143FAFD00B8EBDE /* favorites.db */; };
		F27EEE771154D661008449FC /* IconLite.png in Resources */ = {isa = PBXBuildFile; fileRef = F27EEE761154D661008449FC /* IconLite.png */; };
		F27EEF771154F1F3008449FC /* DataLite.plist in Resources */ = {isa = PBXBuildFile; fileRef = F27EEF761154F1F3008449FC /* DataLite.plist */; };
		F294101222E7AD1B00379868 /* ImpressViewController.swift in Sources */ = {isa = PBXBuildFile; fileRef = F294100D22E7AD1B00379868 /* ImpressViewController.swift */; };
		F294101322E7AD1B00379868 /* ImpressView.swift in Sources */ = {isa = PBXBuildFile; fileRef = F294100E22E7AD1B00379868 /* ImpressView.swift */; };
		F294101422E7AD1B00379868 /* CaveScene.swift in Sources */ = {isa = PBXBuildFile; fileRef = F294100F22E7AD1B00379868 /* CaveScene.swift */; };
		F294101522E7AD1B00379868 /* Spark.sks in Resources */ = {isa = PBXBuildFile; fileRef = F294101022E7AD1B00379868 /* Spark.sks */; };
		F294101622E7AD1B00379868 /* StartScene.swift in Sources */ = {isa = PBXBuildFile; fileRef = F294101122E7AD1B00379868 /* StartScene.swift */; };
		F29558B320586259001D776D /* Launch Screen.storyboard in Resources */ = {isa = PBXBuildFile; fileRef = F29558B220586259001D776D /* Launch Screen.storyboard */; };
		F29558B620615546001D776D /* GeneralCalculatorView.m in Sources */ = {isa = PBXBuildFile; fileRef = F29558B520615546001D776D /* GeneralCalculatorView.m */; };
		F2959E111141A1120014525F /* FavoritesViewController.m in Sources */ = {isa = PBXBuildFile; fileRef = F2959E101141A1120014525F /* FavoritesViewController.m */; };
		F2959F0E114249E30014525F /* libsqlite3.dylib in Frameworks */ = {isa = PBXBuildFile; fileRef = F2959F0D114249E30014525F /* libsqlite3.dylib */; };
		F2959F2711424D200014525F /* DetailFormula.m in Sources */ = {isa = PBXBuildFile; fileRef = F2959F2611424D200014525F /* DetailFormula.m */; };
		F29CAD5212AC3E1800139C35 /* Calculator.m in Sources */ = {isa = PBXBuildFile; fileRef = F29CAD5112AC3E1800139C35 /* Calculator.m */; };
		F29F212D22E1EB4400426712 /* CalculatorTests.m in Sources */ = {isa = PBXBuildFile; fileRef = F29F212C22E1EB4400426712 /* CalculatorTests.m */; };
		F2A120A2149D0D1500AD3215 /* HistoryTableViewController.m in Sources */ = {isa = PBXBuildFile; fileRef = F2A120A1149D0D1500AD3215 /* HistoryTableViewController.m */; };
		F2A120AA149D351700AD3215 /* HistoryTableViewCell.m in Sources */ = {isa = PBXBuildFile; fileRef = F2A120A9149D351700AD3215 /* HistoryTableViewCell.m */; };
		F2A120BB149E527100AD3215 /* MessageUI.framework in Frameworks */ = {isa = PBXBuildFile; fileRef = F2A120BA149E527100AD3215 /* MessageUI.framework */; };
		F2A120BE149E793100AD3215 /* ChemieTableViewController.m in Sources */ = {isa = PBXBuildFile; fileRef = F2A120BD149E793000AD3215 /* ChemieTableViewController.m */; };
		F2A120C614A141CF00AD3215 /* CoreText.framework in Frameworks */ = {isa = PBXBuildFile; fileRef = F2A120C514A141CF00AD3215 /* CoreText.framework */; };
		F2AC138913659F62006465C7 /* QuartzCore.framework in Frameworks */ = {isa = PBXBuildFile; fileRef = F2AC138813659F61006465C7 /* QuartzCore.framework */; };
		F2B2B0491204BD6300125110 /* Icon~ipad.png in Resources */ = {isa = PBXBuildFile; fileRef = F2B2B0481204BD6300125110 /* Icon~ipad.png */; };
		F2D2E6E51204D894008B13F1 /* fooDefaultiPad-Landscape.png in Resources */ = {isa = PBXBuildFile; fileRef = F2D2E6E41204D894008B13F1 /* fooDefaultiPad-Landscape.png */; };
		F2D4ED8910662A8400AD1905 /* ElementsDetailViewController.m in Sources */ = {isa = PBXBuildFile; fileRef = F2D4ED8810662A8400AD1905 /* ElementsDetailViewController.m */; };
		F2D6A1B0137882CC00766751 /* background2.png in Resources */ = {isa = PBXBuildFile; fileRef = F2D6A1AF137882CC00766751 /* background2.png */; };
		F2D84C7622D68B7C00B9DA2A /* ConstantsTableViewController.m in Sources */ = {isa = PBXBuildFile; fileRef = F2D84C7522D68B7C00B9DA2A /* ConstantsTableViewController.m */; };
		F2D84C7922D68BA200B9DA2A /* ConstantCell.m in Sources */ = {isa = PBXBuildFile; fileRef = F2D84C7822D68BA200B9DA2A /* ConstantCell.m */; };
		F2D84C7C22D68C0600B9DA2A /* CalculatorConstant.m in Sources */ = {isa = PBXBuildFile; fileRef = F2D84C7B22D68C0600B9DA2A /* CalculatorConstant.m */; };
		F2EA84691146FB520042E35B /* tabbaritem3.png in Resources */ = {isa = PBXBuildFile; fileRef = F2EA84681146FB520042E35B /* tabbaritem3.png */; };
		F2EB614C113176F900D3A010 /* ConverterViewController.m in Sources */ = {isa = PBXBuildFile; fileRef = F2EB614B113176F900D3A010 /* ConverterViewController.m */; };
		F2EB61531131787300D3A010 /* ConverterView.m in Sources */ = {isa = PBXBuildFile; fileRef = F2EB61521131787300D3A010 /* ConverterView.m */; };
		F2EB61CF1131802700D3A010 /* ConverterModel.m in Sources */ = {isa = PBXBuildFile; fileRef = F2EB61CE1131802700D3A010 /* ConverterModel.m */; };
		F2F76E4D22DF504900834CA2 /* PhyDiscipline.m in Sources */ = {isa = PBXBuildFile; fileRef = F2F76E4C22DF504900834CA2 /* PhyDiscipline.m */; };
		F2F76E5022DF519400834CA2 /* PhyMainSection.m in Sources */ = {isa = PBXBuildFile; fileRef = F2F76E4F22DF519400834CA2 /* PhyMainSection.m */; };
		F2F76E5322DF52FE00834CA2 /* DDHBaseTableViewCell.m in Sources */ = {isa = PBXBuildFile; fileRef = F2F76E5222DF52FE00834CA2 /* DDHBaseTableViewCell.m */; };
		F2F76E5622DF53E900834CA2 /* PhyMainSectionCell.m in Sources */ = {isa = PBXBuildFile; fileRef = F2F76E5522DF53E900834CA2 /* PhyMainSectionCell.m */; };
/* End PBXBuildFile section */

/* Begin PBXContainerItemProxy section */
		F239BACD20F8C0CE00612965 /* PBXContainerItemProxy */ = {
			isa = PBXContainerItemProxy;
			containerPortal = 29B97313FDCFA39411CA2CEA /* Project object */;
			proxyType = 1;
			remoteGlobalIDString = 1D6058900D05DD3D006BFB54;
			remoteInfo = PhysForm;
		};
/* End PBXContainerItemProxy section */

/* Begin PBXFileReference section */
		1D30AB110D05D00D00671497 /* Foundation.framework */ = {isa = PBXFileReference; lastKnownFileType = wrapper.framework; name = Foundation.framework; path = System/Library/Frameworks/Foundation.framework; sourceTree = SDKROOT; };
		1D3623240D0F684500981E51 /* PhysFormAppDelegate.h */ = {isa = PBXFileReference; fileEncoding = 4; lastKnownFileType = sourcecode.c.h; path = PhysFormAppDelegate.h; sourceTree = "<group>"; };
		1D3623250D0F684500981E51 /* PhysFormAppDelegate.m */ = {isa = PBXFileReference; fileEncoding = 4; lastKnownFileType = sourcecode.c.objc; path = PhysFormAppDelegate.m; sourceTree = "<group>"; };
		1D6058910D05DD3D006BFB54 /* Phy.app */ = {isa = PBXFileReference; explicitFileType = wrapper.application; includeInIndex = 0; path = Phy.app; sourceTree = BUILT_PRODUCTS_DIR; };
		1DF5F4DF0D08C38300B7A737 /* UIKit.framework */ = {isa = PBXFileReference; lastKnownFileType = wrapper.framework; name = UIKit.framework; path = System/Library/Frameworks/UIKit.framework; sourceTree = SDKROOT; };
		288765A40DF7441C002DB57D /* CoreGraphics.framework */ = {isa = PBXFileReference; lastKnownFileType = wrapper.framework; name = CoreGraphics.framework; path = System/Library/Frameworks/CoreGraphics.framework; sourceTree = SDKROOT; };
		28D7ACF60DDB3853001CB0EB /* PhysFormViewController.h */ = {isa = PBXFileReference; fileEncoding = 4; lastKnownFileType = sourcecode.c.h; path = PhysFormViewController.h; sourceTree = "<group>"; };
		28D7ACF70DDB3853001CB0EB /* PhysFormViewController.m */ = {isa = PBXFileReference; fileEncoding = 4; lastKnownFileType = sourcecode.c.objc; path = PhysFormViewController.m; sourceTree = "<group>"; };
		29B97316FDCFA39411CA2CEA /* main.m */ = {isa = PBXFileReference; fileEncoding = 4; lastKnownFileType = sourcecode.c.objc; path = main.m; sourceTree = "<group>"; };
		32CA4F630368D1EE00C91783 /* PhysForm_Prefix.pch */ = {isa = PBXFileReference; fileEncoding = 4; lastKnownFileType = sourcecode.c.h; path = PhysForm_Prefix.pch; sourceTree = "<group>"; };
		8D1107310486CEB800E47090 /* Info.plist */ = {isa = PBXFileReference; fileEncoding = 4; lastKnownFileType = text.plist.xml; path = Info.plist; sourceTree = "<group>"; };
		F205EA8414ACB9DC001F8AF6 /* CollectionOfElementsView.h */ = {isa = PBXFileReference; fileEncoding = 4; lastKnownFileType = sourcecode.c.h; path = CollectionOfElementsView.h; sourceTree = "<group>"; };
		F205EA8514ACB9DC001F8AF6 /* CollectionOfElementsView.m */ = {isa = PBXFileReference; fileEncoding = 4; lastKnownFileType = sourcecode.c.objc; path = CollectionOfElementsView.m; sourceTree = "<group>"; };
		F205EA8714ACBF2E001F8AF6 /* CollectionOfElementsViewController.h */ = {isa = PBXFileReference; fileEncoding = 4; lastKnownFileType = sourcecode.c.h; path = CollectionOfElementsViewController.h; sourceTree = "<group>"; };
		F205EA8814ACBF2E001F8AF6 /* CollectionOfElementsViewController.m */ = {isa = PBXFileReference; fileEncoding = 4; lastKnownFileType = sourcecode.c.objc; path = CollectionOfElementsViewController.m; sourceTree = "<group>"; };
		F207F3191144FB8600256864 /* ReferenzView.h */ = {isa = PBXFileReference; fileEncoding = 4; lastKnownFileType = sourcecode.c.h; path = ReferenzView.h; sourceTree = "<group>"; };
		F207F31A1144FB8700256864 /* ReferenzView.m */ = {isa = PBXFileReference; fileEncoding = 4; lastKnownFileType = sourcecode.c.objc; path = ReferenzView.m; sourceTree = "<group>"; };
		F207F31B1144FB8700256864 /* ReferenzViewController.h */ = {isa = PBXFileReference; fileEncoding = 4; lastKnownFileType = sourcecode.c.h; path = ReferenzViewController.h; sourceTree = "<group>"; };
		F207F31C1144FB8700256864 /* ReferenzViewController.m */ = {isa = PBXFileReference; fileEncoding = 4; lastKnownFileType = sourcecode.c.objc; path = ReferenzViewController.m; sourceTree = "<group>"; };
		F207F4FA1145B67200256864 /* Referenz.plist */ = {isa = PBXFileReference; fileEncoding = 4; lastKnownFileType = text.plist.xml; path = Referenz.plist; sourceTree = "<group>"; };
		F20E53A422D9B6D4001794E9 /* Constants.xcassets */ = {isa = PBXFileReference; lastKnownFileType = folder.assetcatalog; path = Constants.xcassets; sourceTree = "<group>"; };
		F20E53A622D9B914001794E9 /* Relativity.xcassets */ = {isa = PBXFileReference; lastKnownFileType = folder.assetcatalog; path = Relativity.xcassets; sourceTree = "<group>"; };
		F20E53A822D9B94C001794E9 /* Mechanics.xcassets */ = {isa = PBXFileReference; lastKnownFileType = folder.assetcatalog; path = Mechanics.xcassets; sourceTree = "<group>"; };
		F20E53AA22D9B999001794E9 /* Lagrange.xcassets */ = {isa = PBXFileReference; lastKnownFileType = folder.assetcatalog; path = Lagrange.xcassets; sourceTree = "<group>"; };
		F20E53AC22D9B9FE001794E9 /* Thermodynamics.xcassets */ = {isa = PBXFileReference; lastKnownFileType = folder.assetcatalog; path = Thermodynamics.xcassets; sourceTree = "<group>"; };
		F20E53AE22D9BB09001794E9 /* Electrodynamics.xcassets */ = {isa = PBXFileReference; lastKnownFileType = folder.assetcatalog; path = Electrodynamics.xcassets; sourceTree = "<group>"; };
		F20E53B022D9BD04001794E9 /* LinearOptics.xcassets */ = {isa = PBXFileReference; lastKnownFileType = folder.assetcatalog; path = LinearOptics.xcassets; sourceTree = "<group>"; };
		F20E53B222D9BEBC001794E9 /* WaveOptics.xcassets */ = {isa = PBXFileReference; lastKnownFileType = folder.assetcatalog; path = WaveOptics.xcassets; sourceTree = "<group>"; };
		F20E53B422D9BF18001794E9 /* QuantumPhysics.xcassets */ = {isa = PBXFileReference; lastKnownFileType = folder.assetcatalog; path = QuantumPhysics.xcassets; sourceTree = "<group>"; };
		F20E53B622D9BFA2001794E9 /* AtomPhysics.xcassets */ = {isa = PBXFileReference; lastKnownFileType = folder.assetcatalog; path = AtomPhysics.xcassets; sourceTree = "<group>"; };
		F20E53B822D9C0A1001794E9 /* Fluidmechanics.xcassets */ = {isa = PBXFileReference; lastKnownFileType = folder.assetcatalog; path = Fluidmechanics.xcassets; sourceTree = "<group>"; };
		F20E53BA22D9C0D8001794E9 /* Mathematics.xcassets */ = {isa = PBXFileReference; lastKnownFileType = folder.assetcatalog; path = Mathematics.xcassets; sourceTree = "<group>"; };
		F20E53BC22D9C121001794E9 /* Units.xcassets */ = {isa = PBXFileReference; lastKnownFileType = folder.assetcatalog; path = Units.xcassets; sourceTree = "<group>"; };
		F20E53BE22D9C284001794E9 /* DecimalPotents.xcassets */ = {isa = PBXFileReference; lastKnownFileType = folder.assetcatalog; path = DecimalPotents.xcassets; sourceTree = "<group>"; };
		F20E53C022D9C6CA001794E9 /* Assets.xcassets */ = {isa = PBXFileReference; lastKnownFileType = folder.assetcatalog; path = Assets.xcassets; sourceTree = "<group>"; };
		F20F3D8314D42A10007388C0 /* fooDefault@2x.png */ = {isa = PBXFileReference; lastKnownFileType = image.png; path = "fooDefault@2x.png"; sourceTree = "<group>"; };
		F2115480160A62D00065A1D4 /* fooDefault-568h@2x.png */ = {isa = PBXFileReference; lastKnownFileType = image.png; path = "fooDefault-568h@2x.png"; sourceTree = "<group>"; };
		F211D5FE120442C300107F12 /* fooDefaultiPad-Portrait.png */ = {isa = PBXFileReference; lastKnownFileType = image.png; path = "fooDefaultiPad-Portrait.png"; sourceTree = "<group>"; };
		F222169C0FE3EF1400967918 /* drawTest.h */ = {isa = PBXFileReference; fileEncoding = 4; lastKnownFileType = sourcecode.c.h; path = drawTest.h; sourceTree = "<group>"; };
		F222169D0FE3EF1400967918 /* drawTest.m */ = {isa = PBXFileReference; fileEncoding = 4; lastKnownFileType = sourcecode.c.objc; path = drawTest.m; sourceTree = "<group>"; };
		F22556F40FC366440003F982 /* Icon.png */ = {isa = PBXFileReference; lastKnownFileType = image.png; path = Icon.png; sourceTree = "<group>"; };
		F225570C0FC466150003F982 /* platzhalter.png */ = {isa = PBXFileReference; lastKnownFileType = image.png; path = platzhalter.png; sourceTree = "<group>"; };
		F22D769C123C19DE00F6B84D /* tabbaritem1@2x.png */ = {isa = PBXFileReference; lastKnownFileType = image.png; path = "tabbaritem1@2x.png"; sourceTree = "<group>"; };
		F22D76CE123C1AE500F6B84D /* tabbaritem0@2x.png */ = {isa = PBXFileReference; lastKnownFileType = image.png; path = "tabbaritem0@2x.png"; sourceTree = "<group>"; };
		F22D76DC123C1E1200F6B84D /* tabbaritem2@2x.png */ = {isa = PBXFileReference; lastKnownFileType = image.png; path = "tabbaritem2@2x.png"; sourceTree = "<group>"; };
		F22D76E5123C1E8200F6B84D /* tabbaritem3@2x.png */ = {isa = PBXFileReference; lastKnownFileType = image.png; path = "tabbaritem3@2x.png"; sourceTree = "<group>"; };
		F22D76E7123C1EDA00F6B84D /* tabbaritem4@2x.png */ = {isa = PBXFileReference; lastKnownFileType = image.png; path = "tabbaritem4@2x.png"; sourceTree = "<group>"; };
		F22D76FF123C216A00F6B84D /* Icon@2x.png */ = {isa = PBXFileReference; lastKnownFileType = image.png; path = "Icon@2x.png"; sourceTree = "<group>"; };
		F230F29010FD219F0076EE37 /* calc.png */ = {isa = PBXFileReference; lastKnownFileType = image.png; path = calc.png; sourceTree = "<group>"; };
		F23699B90FE8332100C2890F /* GeneralCalculatorViewController.h */ = {isa = PBXFileReference; fileEncoding = 4; lastKnownFileType = sourcecode.c.h; path = GeneralCalculatorViewController.h; sourceTree = "<group>"; };
		F23699BA0FE8332100C2890F /* GeneralCalculatorViewController.m */ = {isa = PBXFileReference; fileEncoding = 4; lastKnownFileType = sourcecode.c.objc; lineEnding = 0; path = GeneralCalculatorViewController.m; sourceTree = "<group>"; wrapsLines = 1; };
		F2395284115427F300BC63BA /* fooDefault.png */ = {isa = PBXFileReference; lastKnownFileType = image.png; path = fooDefault.png; sourceTree = "<group>"; };
		F239BAC120F75A6A00612965 /* DHSmartTableViewCell.h */ = {isa = PBXFileReference; fileEncoding = 4; lastKnownFileType = sourcecode.c.h; path = DHSmartTableViewCell.h; sourceTree = "<group>"; };
		F239BAC220F75A6A00612965 /* DHSmartTableViewCell.m */ = {isa = PBXFileReference; fileEncoding = 4; lastKnownFileType = sourcecode.c.objc; path = DHSmartTableViewCell.m; sourceTree = "<group>"; };
		F239BAC820F8C0CD00612965 /* PhyTests.xctest */ = {isa = PBXFileReference; explicitFileType = wrapper.cfbundle; includeInIndex = 0; path = PhyTests.xctest; sourceTree = BUILT_PRODUCTS_DIR; };
		F239BACC20F8C0CE00612965 /* Info.plist */ = {isa = PBXFileReference; lastKnownFileType = text.plist.xml; path = Info.plist; sourceTree = "<group>"; };
		F239BAD320F8C12D00612965 /* GeneralCalculatorViewControllerTests.m */ = {isa = PBXFileReference; lastKnownFileType = sourcecode.c.objc; path = GeneralCalculatorViewControllerTests.m; sourceTree = "<group>"; };
		F24082EF14CB3CA000292D9E /* icon57.png */ = {isa = PBXFileReference; lastKnownFileType = image.png; path = icon57.png; sourceTree = "<group>"; };
		F24082F014CB3CA000292D9E /* icon72.png */ = {isa = PBXFileReference; lastKnownFileType = image.png; path = icon72.png; sourceTree = "<group>"; };
		F24082F114CB3CA000292D9E /* icon114.png */ = {isa = PBXFileReference; lastKnownFileType = image.png; path = icon114.png; sourceTree = "<group>"; };
		F24E129822DF4D8000F4038F /* PhyFormula.m */ = {isa = PBXFileReference; fileEncoding = 4; lastKnownFileType = sourcecode.c.objc; path = PhyFormula.m; sourceTree = "<group>"; };
		F24E129922DF4D8000F4038F /* PhyCollectionTableViewController.m */ = {isa = PBXFileReference; fileEncoding = 4; lastKnownFileType = sourcecode.c.objc; path = PhyCollectionTableViewController.m; sourceTree = "<group>"; };
		F24E129A22DF4D8000F4038F /* PhyFormula.h */ = {isa = PBXFileReference; fileEncoding = 4; lastKnownFileType = sourcecode.c.h; path = PhyFormula.h; sourceTree = "<group>"; };
		F24E129B22DF4D8000F4038F /* PhyCollectionTableViewController.h */ = {isa = PBXFileReference; fileEncoding = 4; lastKnownFileType = sourcecode.c.h; path = PhyCollectionTableViewController.h; sourceTree = "<group>"; };
		F24E129E22DF4F4300F4038F /* PhyFormulaSection.h */ = {isa = PBXFileReference; lastKnownFileType = sourcecode.c.h; path = PhyFormulaSection.h; sourceTree = "<group>"; };
		F24E129F22DF4F4300F4038F /* PhyFormulaSection.m */ = {isa = PBXFileReference; lastKnownFileType = sourcecode.c.objc; path = PhyFormulaSection.m; sourceTree = "<group>"; };
		F254F9A50FF6B50700EBBFF8 /* whiteButton.png */ = {isa = PBXFileReference; lastKnownFileType = image.png; path = whiteButton.png; sourceTree = "<group>"; };
		F254F9B80FF773CF00EBBFF8 /* blueButton.png */ = {isa = PBXFileReference; lastKnownFileType = image.png; path = blueButton.png; sourceTree = "<group>"; };
		F2554B700FAA02BD00004561 /* DestignatedCalculaterViewController.h */ = {isa = PBXFileReference; fileEncoding = 4; lastKnownFileType = sourcecode.c.h; path = DestignatedCalculaterViewController.h; sourceTree = "<group>"; };
		F2554B710FAA02BD00004561 /* DestignatedCalculaterViewController.m */ = {isa = PBXFileReference; fileEncoding = 4; lastKnownFileType = sourcecode.c.objc; lineEnding = 0; path = DestignatedCalculaterViewController.m; sourceTree = "<group>"; };
		F2569B340F9E2B0100968581 /* Data.plist */ = {isa = PBXFileReference; fileEncoding = 4; lastKnownFileType = text.plist.xml; path = Data.plist; sourceTree = "<group>"; };
		F270E2051005DD7000843391 /* de */ = {isa = PBXFileReference; fileEncoding = 10; lastKnownFileType = text.plist.strings; name = de; path = de.lproj/Localizable.strings; sourceTree = "<group>"; };
		F270E2081005DDE400843391 /* en */ = {isa = PBXFileReference; lastKnownFileType = text.plist.strings; name = en; path = en.lproj/Localizable.strings; sourceTree = "<group>"; wrapsLines = 1; };
		F2748C6D11370F7600D2C9D7 /* tabbaritem2.png */ = {isa = PBXFileReference; lastKnownFileType = image.png; path = tabbaritem2.png; sourceTree = "<group>"; };
		F2748C87113712A000D2C9D7 /* tabbaritem1.png */ = {isa = PBXFileReference; lastKnownFileType = image.png; path = tabbaritem1.png; sourceTree = "<group>"; };
		F278DEF2101FA1A10035C8CF /* tabbaritem0.png */ = {isa = PBXFileReference; lastKnownFileType = image.png; path = tabbaritem0.png; sourceTree = "<group>"; };
		F27963FD1143F7BC00B8EBDE /* tabbaritem4.png */ = {isa = PBXFileReference; lastKnownFileType = image.png; path = tabbaritem4.png; sourceTree = "<group>"; };
		F279640B1143FAEA00B8EBDE /* addFormula.png */ = {isa = PBXFileReference; lastKnownFileType = image.png; path = addFormula.png; sourceTree = "<group>"; };
		F279640D1143FAFD00B8EBDE /* favorites.db */ = {isa = PBXFileReference; lastKnownFileType = file; path = favorites.db; sourceTree = "<group>"; };
		F27EEE671154D3A5008449FC /* InfoLite.plist */ = {isa = PBXFileReference; lastKnownFileType = text.plist.xml; path = InfoLite.plist; sourceTree = "<group>"; };
		F27EEE761154D661008449FC /* IconLite.png */ = {isa = PBXFileReference; lastKnownFileType = image.png; path = IconLite.png; sourceTree = "<group>"; };
		F27EEF761154F1F3008449FC /* DataLite.plist */ = {isa = PBXFileReference; fileEncoding = 4; lastKnownFileType = text.plist.xml; path = DataLite.plist; sourceTree = "<group>"; };
		F294100922E7ACF600379868 /* PhysForm-Bridging-Header.h */ = {isa = PBXFileReference; lastKnownFileType = sourcecode.c.h; path = "PhysForm-Bridging-Header.h"; sourceTree = "<group>"; };
		F294100D22E7AD1B00379868 /* ImpressViewController.swift */ = {isa = PBXFileReference; fileEncoding = 4; lastKnownFileType = sourcecode.swift; path = ImpressViewController.swift; sourceTree = "<group>"; };
		F294100E22E7AD1B00379868 /* ImpressView.swift */ = {isa = PBXFileReference; fileEncoding = 4; lastKnownFileType = sourcecode.swift; path = ImpressView.swift; sourceTree = "<group>"; };
		F294100F22E7AD1B00379868 /* CaveScene.swift */ = {isa = PBXFileReference; fileEncoding = 4; lastKnownFileType = sourcecode.swift; path = CaveScene.swift; sourceTree = "<group>"; };
		F294101022E7AD1B00379868 /* Spark.sks */ = {isa = PBXFileReference; lastKnownFileType = file.sks; path = Spark.sks; sourceTree = "<group>"; };
		F294101122E7AD1B00379868 /* StartScene.swift */ = {isa = PBXFileReference; fileEncoding = 4; lastKnownFileType = sourcecode.swift; path = StartScene.swift; sourceTree = "<group>"; };
		F29558B220586259001D776D /* Launch Screen.storyboard */ = {isa = PBXFileReference; lastKnownFileType = file.storyboard; path = "Launch Screen.storyboard"; sourceTree = "<group>"; };
		F29558B420615545001D776D /* GeneralCalculatorView.h */ = {isa = PBXFileReference; lastKnownFileType = sourcecode.c.h; path = GeneralCalculatorView.h; sourceTree = "<group>"; };
		F29558B520615546001D776D /* GeneralCalculatorView.m */ = {isa = PBXFileReference; lastKnownFileType = sourcecode.c.objc; path = GeneralCalculatorView.m; sourceTree = "<group>"; };
		F2959E0F1141A1120014525F /* FavoritesViewController.h */ = {isa = PBXFileReference; fileEncoding = 4; lastKnownFileType = sourcecode.c.h; path = FavoritesViewController.h; sourceTree = "<group>"; };
		F2959E101141A1120014525F /* FavoritesViewController.m */ = {isa = PBXFileReference; fileEncoding = 4; lastKnownFileType = sourcecode.c.objc; path = FavoritesViewController.m; sourceTree = "<group>"; };
		F2959F0D114249E30014525F /* libsqlite3.dylib */ = {isa = PBXFileReference; lastKnownFileType = "compiled.mach-o.dylib"; name = libsqlite3.dylib; path = usr/lib/libsqlite3.dylib; sourceTree = SDKROOT; };
		F2959F2511424D200014525F /* DetailFormula.h */ = {isa = PBXFileReference; fileEncoding = 4; lastKnownFileType = sourcecode.c.h; path = DetailFormula.h; sourceTree = "<group>"; };
		F2959F2611424D200014525F /* DetailFormula.m */ = {isa = PBXFileReference; fileEncoding = 4; lastKnownFileType = sourcecode.c.objc; path = DetailFormula.m; sourceTree = "<group>"; };
		F29CAD5012AC3E1800139C35 /* Calculator.h */ = {isa = PBXFileReference; fileEncoding = 4; lastKnownFileType = sourcecode.c.h; path = Calculator.h; sourceTree = "<group>"; };
		F29CAD5112AC3E1800139C35 /* Calculator.m */ = {isa = PBXFileReference; fileEncoding = 4; lastKnownFileType = sourcecode.c.objc; path = Calculator.m; sourceTree = "<group>"; };
		F29F212C22E1EB4400426712 /* CalculatorTests.m */ = {isa = PBXFileReference; lastKnownFileType = sourcecode.c.objc; path = CalculatorTests.m; sourceTree = "<group>"; };
		F2A120A0149D0D1400AD3215 /* HistoryTableViewController.h */ = {isa = PBXFileReference; fileEncoding = 4; lastKnownFileType = sourcecode.c.h; path = HistoryTableViewController.h; sourceTree = "<group>"; };
		F2A120A1149D0D1500AD3215 /* HistoryTableViewController.m */ = {isa = PBXFileReference; fileEncoding = 4; lastKnownFileType = sourcecode.c.objc; path = HistoryTableViewController.m; sourceTree = "<group>"; };
		F2A120A8149D351700AD3215 /* HistoryTableViewCell.h */ = {isa = PBXFileReference; fileEncoding = 4; lastKnownFileType = sourcecode.c.h; path = HistoryTableViewCell.h; sourceTree = "<group>"; };
		F2A120A9149D351700AD3215 /* HistoryTableViewCell.m */ = {isa = PBXFileReference; fileEncoding = 4; lastKnownFileType = sourcecode.c.objc; path = HistoryTableViewCell.m; sourceTree = "<group>"; };
		F2A120BA149E527100AD3215 /* MessageUI.framework */ = {isa = PBXFileReference; lastKnownFileType = wrapper.framework; name = MessageUI.framework; path = System/Library/Frameworks/MessageUI.framework; sourceTree = SDKROOT; };
		F2A120BC149E793000AD3215 /* ChemieTableViewController.h */ = {isa = PBXFileReference; fileEncoding = 4; lastKnownFileType = sourcecode.c.h; path = ChemieTableViewController.h; sourceTree = "<group>"; };
		F2A120BD149E793000AD3215 /* ChemieTableViewController.m */ = {isa = PBXFileReference; fileEncoding = 4; lastKnownFileType = sourcecode.c.objc; path = ChemieTableViewController.m; sourceTree = "<group>"; };
		F2A120C514A141CF00AD3215 /* CoreText.framework */ = {isa = PBXFileReference; lastKnownFileType = wrapper.framework; name = CoreText.framework; path = System/Library/Frameworks/CoreText.framework; sourceTree = SDKROOT; };
		F2AC138813659F61006465C7 /* QuartzCore.framework */ = {isa = PBXFileReference; lastKnownFileType = wrapper.framework; name = QuartzCore.framework; path = System/Library/Frameworks/QuartzCore.framework; sourceTree = SDKROOT; };
		F2B2B0481204BD6300125110 /* Icon~ipad.png */ = {isa = PBXFileReference; lastKnownFileType = image.png; path = "Icon~ipad.png"; sourceTree = "<group>"; };
		F2D2E6E41204D894008B13F1 /* fooDefaultiPad-Landscape.png */ = {isa = PBXFileReference; lastKnownFileType = image.png; path = "fooDefaultiPad-Landscape.png"; sourceTree = "<group>"; };
		F2D4ED8710662A8400AD1905 /* ElementsDetailViewController.h */ = {isa = PBXFileReference; fileEncoding = 4; lastKnownFileType = sourcecode.c.h; path = ElementsDetailViewController.h; sourceTree = "<group>"; };
		F2D4ED8810662A8400AD1905 /* ElementsDetailViewController.m */ = {isa = PBXFileReference; fileEncoding = 4; lastKnownFileType = sourcecode.c.objc; lineEnding = 0; path = ElementsDetailViewController.m; sourceTree = "<group>"; };
		F2D6A1AF137882CC00766751 /* background2.png */ = {isa = PBXFileReference; lastKnownFileType = image.png; path = background2.png; sourceTree = "<group>"; };
		F2D84C7422D68B7C00B9DA2A /* ConstantsTableViewController.h */ = {isa = PBXFileReference; lastKnownFileType = sourcecode.c.h; path = ConstantsTableViewController.h; sourceTree = "<group>"; };
		F2D84C7522D68B7C00B9DA2A /* ConstantsTableViewController.m */ = {isa = PBXFileReference; lastKnownFileType = sourcecode.c.objc; path = ConstantsTableViewController.m; sourceTree = "<group>"; };
		F2D84C7722D68BA200B9DA2A /* ConstantCell.h */ = {isa = PBXFileReference; lastKnownFileType = sourcecode.c.h; path = ConstantCell.h; sourceTree = "<group>"; };
		F2D84C7822D68BA200B9DA2A /* ConstantCell.m */ = {isa = PBXFileReference; lastKnownFileType = sourcecode.c.objc; path = ConstantCell.m; sourceTree = "<group>"; };
		F2D84C7A22D68C0600B9DA2A /* CalculatorConstant.h */ = {isa = PBXFileReference; lastKnownFileType = sourcecode.c.h; path = CalculatorConstant.h; sourceTree = "<group>"; };
		F2D84C7B22D68C0600B9DA2A /* CalculatorConstant.m */ = {isa = PBXFileReference; lastKnownFileType = sourcecode.c.objc; path = CalculatorConstant.m; sourceTree = "<group>"; };
		F2EA84681146FB520042E35B /* tabbaritem3.png */ = {isa = PBXFileReference; lastKnownFileType = image.png; path = tabbaritem3.png; sourceTree = "<group>"; };
		F2EB614A113176F900D3A010 /* ConverterViewController.h */ = {isa = PBXFileReference; fileEncoding = 4; lastKnownFileType = sourcecode.c.h; path = ConverterViewController.h; sourceTree = "<group>"; };
		F2EB614B113176F900D3A010 /* ConverterViewController.m */ = {isa = PBXFileReference; fileEncoding = 4; lastKnownFileType = sourcecode.c.objc; lineEnding = 0; path = ConverterViewController.m; sourceTree = "<group>"; };
		F2EB61511131787300D3A010 /* ConverterView.h */ = {isa = PBXFileReference; fileEncoding = 4; lastKnownFileType = sourcecode.c.h; path = ConverterView.h; sourceTree = "<group>"; };
		F2EB61521131787300D3A010 /* ConverterView.m */ = {isa = PBXFileReference; fileEncoding = 4; lastKnownFileType = sourcecode.c.objc; path = ConverterView.m; sourceTree = "<group>"; };
		F2EB61CD1131802700D3A010 /* ConverterModel.h */ = {isa = PBXFileReference; fileEncoding = 4; lastKnownFileType = sourcecode.c.h; path = ConverterModel.h; sourceTree = "<group>"; };
		F2EB61CE1131802700D3A010 /* ConverterModel.m */ = {isa = PBXFileReference; fileEncoding = 4; lastKnownFileType = sourcecode.c.objc; path = ConverterModel.m; sourceTree = "<group>"; };
		F2F76E4B22DF504900834CA2 /* PhyDiscipline.h */ = {isa = PBXFileReference; lastKnownFileType = sourcecode.c.h; path = PhyDiscipline.h; sourceTree = "<group>"; };
		F2F76E4C22DF504900834CA2 /* PhyDiscipline.m */ = {isa = PBXFileReference; lastKnownFileType = sourcecode.c.objc; path = PhyDiscipline.m; sourceTree = "<group>"; };
		F2F76E4E22DF519400834CA2 /* PhyMainSection.h */ = {isa = PBXFileReference; lastKnownFileType = sourcecode.c.h; path = PhyMainSection.h; sourceTree = "<group>"; };
		F2F76E4F22DF519400834CA2 /* PhyMainSection.m */ = {isa = PBXFileReference; lastKnownFileType = sourcecode.c.objc; path = PhyMainSection.m; sourceTree = "<group>"; };
		F2F76E5122DF52FE00834CA2 /* DDHBaseTableViewCell.h */ = {isa = PBXFileReference; lastKnownFileType = sourcecode.c.h; path = DDHBaseTableViewCell.h; sourceTree = "<group>"; };
		F2F76E5222DF52FE00834CA2 /* DDHBaseTableViewCell.m */ = {isa = PBXFileReference; lastKnownFileType = sourcecode.c.objc; path = DDHBaseTableViewCell.m; sourceTree = "<group>"; };
		F2F76E5422DF53E900834CA2 /* PhyMainSectionCell.h */ = {isa = PBXFileReference; lastKnownFileType = sourcecode.c.h; path = PhyMainSectionCell.h; sourceTree = "<group>"; };
		F2F76E5522DF53E900834CA2 /* PhyMainSectionCell.m */ = {isa = PBXFileReference; lastKnownFileType = sourcecode.c.objc; path = PhyMainSectionCell.m; sourceTree = "<group>"; };
/* End PBXFileReference section */

/* Begin PBXFrameworksBuildPhase section */
		1D60588F0D05DD3D006BFB54 /* Frameworks */ = {
			isa = PBXFrameworksBuildPhase;
			buildActionMask = 2147483647;
			files = (
				F2A120C614A141CF00AD3215 /* CoreText.framework in Frameworks */,
				F2A120BB149E527100AD3215 /* MessageUI.framework in Frameworks */,
				F2AC138913659F62006465C7 /* QuartzCore.framework in Frameworks */,
				1D60589F0D05DD5A006BFB54 /* Foundation.framework in Frameworks */,
				1DF5F4E00D08C38300B7A737 /* UIKit.framework in Frameworks */,
				288765A50DF7441C002DB57D /* CoreGraphics.framework in Frameworks */,
				F2959F0E114249E30014525F /* libsqlite3.dylib in Frameworks */,
			);
			runOnlyForDeploymentPostprocessing = 0;
		};
		F239BAC520F8C0CD00612965 /* Frameworks */ = {
			isa = PBXFrameworksBuildPhase;
			buildActionMask = 2147483647;
			files = (
			);
			runOnlyForDeploymentPostprocessing = 0;
		};
/* End PBXFrameworksBuildPhase section */

/* Begin PBXGroup section */
		080E96DDFE201D6D7F000001 /* Classes */ = {
			isa = PBXGroup;
			children = (
				1D3623240D0F684500981E51 /* PhysFormAppDelegate.h */,
				1D3623250D0F684500981E51 /* PhysFormAppDelegate.m */,
				28D7ACF60DDB3853001CB0EB /* PhysFormViewController.h */,
				28D7ACF70DDB3853001CB0EB /* PhysFormViewController.m */,
				F24E129722DF4D8000F4038F /* FormulaCollection */,
				F222169C0FE3EF1400967918 /* drawTest.h */,
				F222169D0FE3EF1400967918 /* drawTest.m */,
				F2554B700FAA02BD00004561 /* DestignatedCalculaterViewController.h */,
				F2554B710FAA02BD00004561 /* DestignatedCalculaterViewController.m */,
				F2F76E5122DF52FE00834CA2 /* DDHBaseTableViewCell.h */,
				F2F76E5222DF52FE00834CA2 /* DDHBaseTableViewCell.m */,
				F2A120A7149D34B900AD3215 /* Calculator */,
				F2A120BC149E793000AD3215 /* ChemieTableViewController.h */,
				F2A120BD149E793000AD3215 /* ChemieTableViewController.m */,
				F2D4ED8710662A8400AD1905 /* ElementsDetailViewController.h */,
				F2D4ED8810662A8400AD1905 /* ElementsDetailViewController.m */,
				F205EA8714ACBF2E001F8AF6 /* CollectionOfElementsViewController.h */,
				F205EA8814ACBF2E001F8AF6 /* CollectionOfElementsViewController.m */,
				F205EA8414ACB9DC001F8AF6 /* CollectionOfElementsView.h */,
				F205EA8514ACB9DC001F8AF6 /* CollectionOfElementsView.m */,
				F239BAC120F75A6A00612965 /* DHSmartTableViewCell.h */,
				F239BAC220F75A6A00612965 /* DHSmartTableViewCell.m */,
				F207F3181144FA9E00256864 /* Converter */,
				F207F31F1144FB9A00256864 /* Referenz */,
				F2959E0F1141A1120014525F /* FavoritesViewController.h */,
				F2959E101141A1120014525F /* FavoritesViewController.m */,
				F2959F2511424D200014525F /* DetailFormula.h */,
				F2959F2611424D200014525F /* DetailFormula.m */,
				F294100C22E7AD1B00379868 /* Impress */,
				F294100922E7ACF600379868 /* PhysForm-Bridging-Header.h */,
			);
			path = Classes;
			sourceTree = "<group>";
		};
		19C28FACFE9D520D11CA2CBB /* Products */ = {
			isa = PBXGroup;
			children = (
				1D6058910D05DD3D006BFB54 /* Phy.app */,
				F239BAC820F8C0CD00612965 /* PhyTests.xctest */,
			);
			name = Products;
			sourceTree = "<group>";
		};
		29B97314FDCFA39411CA2CEA /* CustomTemplate */ = {
			isa = PBXGroup;
			children = (
				080E96DDFE201D6D7F000001 /* Classes */,
				29B97315FDCFA39411CA2CEA /* Other Sources */,
				29B97317FDCFA39411CA2CEA /* Resources */,
				F2D8687B11C6CE27000DC559 /* Resources-iPad */,
				F239BAC920F8C0CE00612965 /* PhyTests */,
				29B97323FDCFA39411CA2CEA /* Frameworks */,
				19C28FACFE9D520D11CA2CBB /* Products */,
			);
			name = CustomTemplate;
			sourceTree = "<group>";
		};
		29B97315FDCFA39411CA2CEA /* Other Sources */ = {
			isa = PBXGroup;
			children = (
				32CA4F630368D1EE00C91783 /* PhysForm_Prefix.pch */,
				29B97316FDCFA39411CA2CEA /* main.m */,
			);
			name = "Other Sources";
			sourceTree = "<group>";
		};
		29B97317FDCFA39411CA2CEA /* Resources */ = {
			isa = PBXGroup;
			children = (
				F279640D1143FAFD00B8EBDE /* favorites.db */,
				F279640B1143FAEA00B8EBDE /* addFormula.png */,
				F223BDAC0FA2E1130053C773 /* Images */,
				8D1107310486CEB800E47090 /* Info.plist */,
				F2569B340F9E2B0100968581 /* Data.plist */,
				F27EEF761154F1F3008449FC /* DataLite.plist */,
				F207F4FA1145B67200256864 /* Referenz.plist */,
				F270E2041005DD7000843391 /* Localizable.strings */,
				F2395284115427F300BC63BA /* fooDefault.png */,
				F20F3D8314D42A10007388C0 /* fooDefault@2x.png */,
				F2115480160A62D00065A1D4 /* fooDefault-568h@2x.png */,
				F211D5FE120442C300107F12 /* fooDefaultiPad-Portrait.png */,
				F2D2E6E41204D894008B13F1 /* fooDefaultiPad-Landscape.png */,
				F29558B220586259001D776D /* Launch Screen.storyboard */,
				F27EEE671154D3A5008449FC /* InfoLite.plist */,
				F20E53C022D9C6CA001794E9 /* Assets.xcassets */,
				F20E53A822D9B94C001794E9 /* Mechanics.xcassets */,
				F20E53A622D9B914001794E9 /* Relativity.xcassets */,
				F20E53A422D9B6D4001794E9 /* Constants.xcassets */,
				F20E53AA22D9B999001794E9 /* Lagrange.xcassets */,
				F20E53AC22D9B9FE001794E9 /* Thermodynamics.xcassets */,
				F20E53AE22D9BB09001794E9 /* Electrodynamics.xcassets */,
				F20E53B022D9BD04001794E9 /* LinearOptics.xcassets */,
				F20E53B222D9BEBC001794E9 /* WaveOptics.xcassets */,
				F20E53B422D9BF18001794E9 /* QuantumPhysics.xcassets */,
				F20E53B622D9BFA2001794E9 /* AtomPhysics.xcassets */,
				F20E53B822D9C0A1001794E9 /* Fluidmechanics.xcassets */,
				F20E53BA22D9C0D8001794E9 /* Mathematics.xcassets */,
				F20E53BC22D9C121001794E9 /* Units.xcassets */,
				F20E53BE22D9C284001794E9 /* DecimalPotents.xcassets */,
			);
			name = Resources;
			sourceTree = "<group>";
		};
		29B97323FDCFA39411CA2CEA /* Frameworks */ = {
			isa = PBXGroup;
			children = (
				F2A120C514A141CF00AD3215 /* CoreText.framework */,
				F2A120BA149E527100AD3215 /* MessageUI.framework */,
				F2959F0D114249E30014525F /* libsqlite3.dylib */,
				1DF5F4DF0D08C38300B7A737 /* UIKit.framework */,
				1D30AB110D05D00D00671497 /* Foundation.framework */,
				288765A40DF7441C002DB57D /* CoreGraphics.framework */,
				F2AC138813659F61006465C7 /* QuartzCore.framework */,
			);
			name = Frameworks;
			sourceTree = "<group>";
		};
		F207F3181144FA9E00256864 /* Converter */ = {
			isa = PBXGroup;
			children = (
				F2EB61CD1131802700D3A010 /* ConverterModel.h */,
				F2EB61CE1131802700D3A010 /* ConverterModel.m */,
				F2EB61511131787300D3A010 /* ConverterView.h */,
				F2EB61521131787300D3A010 /* ConverterView.m */,
				F2EB614A113176F900D3A010 /* ConverterViewController.h */,
				F2EB614B113176F900D3A010 /* ConverterViewController.m */,
			);
			name = Converter;
			sourceTree = "<group>";
		};
		F207F31F1144FB9A00256864 /* Referenz */ = {
			isa = PBXGroup;
			children = (
				F207F3191144FB8600256864 /* ReferenzView.h */,
				F207F31A1144FB8700256864 /* ReferenzView.m */,
				F207F31B1144FB8700256864 /* ReferenzViewController.h */,
				F207F31C1144FB8700256864 /* ReferenzViewController.m */,
			);
			name = Referenz;
			sourceTree = "<group>";
		};
		F223BDAC0FA2E1130053C773 /* Images */ = {
			isa = PBXGroup;
			children = (
				F2D6A1AF137882CC00766751 /* background2.png */,
				F22D76E7123C1EDA00F6B84D /* tabbaritem4@2x.png */,
				F22D76E5123C1E8200F6B84D /* tabbaritem3@2x.png */,
				F22D76DC123C1E1200F6B84D /* tabbaritem2@2x.png */,
				F22D76CE123C1AE500F6B84D /* tabbaritem0@2x.png */,
				F2EA84681146FB520042E35B /* tabbaritem3.png */,
				F22D769C123C19DE00F6B84D /* tabbaritem1@2x.png */,
				F27963FD1143F7BC00B8EBDE /* tabbaritem4.png */,
				F2748C87113712A000D2C9D7 /* tabbaritem1.png */,
				F2748C6D11370F7600D2C9D7 /* tabbaritem2.png */,
				F230F29010FD219F0076EE37 /* calc.png */,
				F278DEF2101FA1A10035C8CF /* tabbaritem0.png */,
				F254F9B80FF773CF00EBBFF8 /* blueButton.png */,
				F254F9A50FF6B50700EBBFF8 /* whiteButton.png */,
				F22556F40FC366440003F982 /* Icon.png */,
				F22D76FF123C216A00F6B84D /* Icon@2x.png */,
				F2B2B0481204BD6300125110 /* Icon~ipad.png */,
				F27EEE761154D661008449FC /* IconLite.png */,
				F225570C0FC466150003F982 /* platzhalter.png */,
				F24082EF14CB3CA000292D9E /* icon57.png */,
				F24082F014CB3CA000292D9E /* icon72.png */,
				F24082F114CB3CA000292D9E /* icon114.png */,
			);
			name = Images;
			sourceTree = "<group>";
		};
		F239BAC920F8C0CE00612965 /* PhyTests */ = {
			isa = PBXGroup;
			children = (
				F239BAD320F8C12D00612965 /* GeneralCalculatorViewControllerTests.m */,
				F29F212C22E1EB4400426712 /* CalculatorTests.m */,
				F239BACC20F8C0CE00612965 /* Info.plist */,
			);
			path = PhyTests;
			sourceTree = "<group>";
		};
		F24E129722DF4D8000F4038F /* FormulaCollection */ = {
			isa = PBXGroup;
			children = (
				F24E129B22DF4D8000F4038F /* PhyCollectionTableViewController.h */,
				F24E129922DF4D8000F4038F /* PhyCollectionTableViewController.m */,
				F24E129A22DF4D8000F4038F /* PhyFormula.h */,
				F24E129822DF4D8000F4038F /* PhyFormula.m */,
				F24E129E22DF4F4300F4038F /* PhyFormulaSection.h */,
				F24E129F22DF4F4300F4038F /* PhyFormulaSection.m */,
				F2F76E4B22DF504900834CA2 /* PhyDiscipline.h */,
				F2F76E4C22DF504900834CA2 /* PhyDiscipline.m */,
				F2F76E4E22DF519400834CA2 /* PhyMainSection.h */,
				F2F76E4F22DF519400834CA2 /* PhyMainSection.m */,
				F2F76E5422DF53E900834CA2 /* PhyMainSectionCell.h */,
				F2F76E5522DF53E900834CA2 /* PhyMainSectionCell.m */,
			);
			path = FormulaCollection;
			sourceTree = "<group>";
		};
		F294100C22E7AD1B00379868 /* Impress */ = {
			isa = PBXGroup;
			children = (
				F294100D22E7AD1B00379868 /* ImpressViewController.swift */,
				F294100E22E7AD1B00379868 /* ImpressView.swift */,
				F294100F22E7AD1B00379868 /* CaveScene.swift */,
				F294101022E7AD1B00379868 /* Spark.sks */,
				F294101122E7AD1B00379868 /* StartScene.swift */,
			);
			path = Impress;
			sourceTree = "<group>";
		};
		F2A120A7149D34B900AD3215 /* Calculator */ = {
			isa = PBXGroup;
			children = (
				F29CAD5012AC3E1800139C35 /* Calculator.h */,
				F29CAD5112AC3E1800139C35 /* Calculator.m */,
				F23699B90FE8332100C2890F /* GeneralCalculatorViewController.h */,
				F23699BA0FE8332100C2890F /* GeneralCalculatorViewController.m */,
				F29558B420615545001D776D /* GeneralCalculatorView.h */,
				F29558B520615546001D776D /* GeneralCalculatorView.m */,
				F2A120A0149D0D1400AD3215 /* HistoryTableViewController.h */,
				F2A120A1149D0D1500AD3215 /* HistoryTableViewController.m */,
				F2A120A8149D351700AD3215 /* HistoryTableViewCell.h */,
				F2A120A9149D351700AD3215 /* HistoryTableViewCell.m */,
				F2D84C7422D68B7C00B9DA2A /* ConstantsTableViewController.h */,
				F2D84C7522D68B7C00B9DA2A /* ConstantsTableViewController.m */,
				F2D84C7722D68BA200B9DA2A /* ConstantCell.h */,
				F2D84C7822D68BA200B9DA2A /* ConstantCell.m */,
				F2D84C7A22D68C0600B9DA2A /* CalculatorConstant.h */,
				F2D84C7B22D68C0600B9DA2A /* CalculatorConstant.m */,
			);
			name = Calculator;
			sourceTree = "<group>";
		};
		F2D8687B11C6CE27000DC559 /* Resources-iPad */ = {
			isa = PBXGroup;
			children = (
			);
			name = "Resources-iPad";
			sourceTree = "<group>";
		};
/* End PBXGroup section */

/* Begin PBXNativeTarget section */
		1D6058900D05DD3D006BFB54 /* PhysForm */ = {
			isa = PBXNativeTarget;
			buildConfigurationList = 1D6058960D05DD3E006BFB54 /* Build configuration list for PBXNativeTarget "PhysForm" */;
			buildPhases = (
				1D60588D0D05DD3D006BFB54 /* Resources */,
				1D60588E0D05DD3D006BFB54 /* Sources */,
				1D60588F0D05DD3D006BFB54 /* Frameworks */,
			);
			buildRules = (
			);
			dependencies = (
			);
			name = PhysForm;
			productName = PhysForm;
			productReference = 1D6058910D05DD3D006BFB54 /* Phy.app */;
			productType = "com.apple.product-type.application";
		};
		F239BAC720F8C0CD00612965 /* PhyTests */ = {
			isa = PBXNativeTarget;
			buildConfigurationList = F239BACF20F8C0CE00612965 /* Build configuration list for PBXNativeTarget "PhyTests" */;
			buildPhases = (
				F239BAC420F8C0CD00612965 /* Sources */,
				F239BAC520F8C0CD00612965 /* Frameworks */,
				F239BAC620F8C0CD00612965 /* Resources */,
			);
			buildRules = (
			);
			dependencies = (
				F239BACE20F8C0CE00612965 /* PBXTargetDependency */,
			);
			name = PhyTests;
			productName = PhyTests;
			productReference = F239BAC820F8C0CD00612965 /* PhyTests.xctest */;
			productType = "com.apple.product-type.bundle.unit-test";
		};
/* End PBXNativeTarget section */

/* Begin PBXProject section */
		29B97313FDCFA39411CA2CEA /* Project object */ = {
			isa = PBXProject;
			attributes = {
				LastUpgradeCheck = 1100;
				TargetAttributes = {
					1D6058900D05DD3D006BFB54 = {
						DevelopmentTeam = Q6PD97MRX4;
						LastSwiftMigration = 1020;
						ProvisioningStyle = Automatic;
					};
					F239BAC720F8C0CD00612965 = {
						CreatedOnToolsVersion = 9.1;
						DevelopmentTeam = Q6PD97MRX4;
						ProvisioningStyle = Automatic;
						TestTargetID = 1D6058900D05DD3D006BFB54;
					};
				};
			};
			buildConfigurationList = C01FCF4E08A954540054247B /* Build configuration list for PBXProject "PhysForm" */;
			compatibilityVersion = "Xcode 3.2";
			developmentRegion = English;
			hasScannedForEncodings = 1;
			knownRegions = (
				English,
				Japanese,
				French,
				German,
				de,
				en,
			);
			mainGroup = 29B97314FDCFA39411CA2CEA /* CustomTemplate */;
			projectDirPath = "";
			projectRoot = "";
			targets = (
				1D6058900D05DD3D006BFB54 /* PhysForm */,
				F239BAC720F8C0CD00612965 /* PhyTests */,
			);
		};
/* End PBXProject section */

/* Begin PBXResourcesBuildPhase section */
		1D60588D0D05DD3D006BFB54 /* Resources */ = {
			isa = PBXResourcesBuildPhase;
			buildActionMask = 2147483647;
			files = (
				F2569B350F9E2B0100968581 /* Data.plist in Resources */,
				F294101522E7AD1B00379868 /* Spark.sks in Resources */,
				F22556F50FC366440003F982 /* Icon.png in Resources */,
				F225570D0FC466150003F982 /* platzhalter.png in Resources */,
				F20E53AD22D9B9FE001794E9 /* Thermodynamics.xcassets in Resources */,
				F254F9A60FF6B50700EBBFF8 /* whiteButton.png in Resources */,
				F254F9B90FF773CF00EBBFF8 /* blueButton.png in Resources */,
				F20E53B922D9C0A1001794E9 /* Fluidmechanics.xcassets in Resources */,
				F270E2061005DD7000843391 /* Localizable.strings in Resources */,
				F278DEF3101FA1A10035C8CF /* tabbaritem0.png in Resources */,
				F29558B320586259001D776D /* Launch Screen.storyboard in Resources */,
				F20E53BF22D9C284001794E9 /* DecimalPotents.xcassets in Resources */,
				F230F29110FD219F0076EE37 /* calc.png in Resources */,
				F20E53B722D9BFA2001794E9 /* AtomPhysics.xcassets in Resources */,
				F2748C6E11370F7600D2C9D7 /* tabbaritem2.png in Resources */,
				F2748C88113712A000D2C9D7 /* tabbaritem1.png in Resources */,
				F27963FE1143F7BC00B8EBDE /* tabbaritem4.png in Resources */,
				F279640C1143FAEA00B8EBDE /* addFormula.png in Resources */,
				F279640E1143FAFD00B8EBDE /* favorites.db in Resources */,
				F207F4FB1145B67200256864 /* Referenz.plist in Resources */,
				F2EA84691146FB520042E35B /* tabbaritem3.png in Resources */,
				F2395285115427F300BC63BA /* fooDefault.png in Resources */,
				F27EEE771154D661008449FC /* IconLite.png in Resources */,
				F27EEF771154F1F3008449FC /* DataLite.plist in Resources */,
				F20E53AF22D9BB09001794E9 /* Electrodynamics.xcassets in Resources */,
				F20E53A922D9B94C001794E9 /* Mechanics.xcassets in Resources */,
				F20E53C122D9C6CA001794E9 /* Assets.xcassets in Resources */,
				F20E53B522D9BF18001794E9 /* QuantumPhysics.xcassets in Resources */,
				F211D5FF120442C300107F12 /* fooDefaultiPad-Portrait.png in Resources */,
				F2B2B0491204BD6300125110 /* Icon~ipad.png in Resources */,
				F2D2E6E51204D894008B13F1 /* fooDefaultiPad-Landscape.png in Resources */,
				F20E53B322D9BEBC001794E9 /* WaveOptics.xcassets in Resources */,
				F20E53B122D9BD04001794E9 /* LinearOptics.xcassets in Resources */,
				F20E53A522D9B6D4001794E9 /* Constants.xcassets in Resources */,
				F20E53BB22D9C0D8001794E9 /* Mathematics.xcassets in Resources */,
				F22D769D123C19DE00F6B84D /* tabbaritem1@2x.png in Resources */,
				F22D76CF123C1AE500F6B84D /* tabbaritem0@2x.png in Resources */,
				F22D76DD123C1E1200F6B84D /* tabbaritem2@2x.png in Resources */,
				F22D76E6123C1E8200F6B84D /* tabbaritem3@2x.png in Resources */,
				F22D76E8123C1EDA00F6B84D /* tabbaritem4@2x.png in Resources */,
				F22D7700123C216A00F6B84D /* Icon@2x.png in Resources */,
				F20E53A722D9B914001794E9 /* Relativity.xcassets in Resources */,
				F20E53BD22D9C121001794E9 /* Units.xcassets in Resources */,
				F20E53AB22D9B99A001794E9 /* Lagrange.xcassets in Resources */,
				F2D6A1B0137882CC00766751 /* background2.png in Resources */,
				F24082F214CB3CA000292D9E /* icon57.png in Resources */,
				F24082F314CB3CA000292D9E /* icon72.png in Resources */,
				F24082F414CB3CA000292D9E /* icon114.png in Resources */,
				F20F3D8414D42A10007388C0 /* fooDefault@2x.png in Resources */,
				F2115481160A62D00065A1D4 /* fooDefault-568h@2x.png in Resources */,
			);
			runOnlyForDeploymentPostprocessing = 0;
		};
		F239BAC620F8C0CD00612965 /* Resources */ = {
			isa = PBXResourcesBuildPhase;
			buildActionMask = 2147483647;
			files = (
			);
			runOnlyForDeploymentPostprocessing = 0;
		};
/* End PBXResourcesBuildPhase section */

/* Begin PBXSourcesBuildPhase section */
		1D60588E0D05DD3D006BFB54 /* Sources */ = {
			isa = PBXSourcesBuildPhase;
			buildActionMask = 2147483647;
			files = (
				1D60589B0D05DD56006BFB54 /* main.m in Sources */,
				1D3623260D0F684500981E51 /* PhysFormAppDelegate.m in Sources */,
				F2F76E5322DF52FE00834CA2 /* DDHBaseTableViewCell.m in Sources */,
				28D7ACF80DDB3853001CB0EB /* PhysFormViewController.m in Sources */,
				F2554B720FAA02BD00004561 /* DestignatedCalculaterViewController.m in Sources */,
				F222169E0FE3EF1400967918 /* drawTest.m in Sources */,
				F239BAC320F75A6B00612965 /* DHSmartTableViewCell.m in Sources */,
				F294101622E7AD1B00379868 /* StartScene.swift in Sources */,
				F23699BB0FE8332100C2890F /* GeneralCalculatorViewController.m in Sources */,
				F2D4ED8910662A8400AD1905 /* ElementsDetailViewController.m in Sources */,
				F2EB614C113176F900D3A010 /* ConverterViewController.m in Sources */,
				F2EB61531131787300D3A010 /* ConverterView.m in Sources */,
				F2EB61CF1131802700D3A010 /* ConverterModel.m in Sources */,
				F2D84C7622D68B7C00B9DA2A /* ConstantsTableViewController.m in Sources */,
				F2959E111141A1120014525F /* FavoritesViewController.m in Sources */,
				F2959F2711424D200014525F /* DetailFormula.m in Sources */,
				F294101222E7AD1B00379868 /* ImpressViewController.swift in Sources */,
				F294101322E7AD1B00379868 /* ImpressView.swift in Sources */,
				F207F31D1144FB8700256864 /* ReferenzView.m in Sources */,
				F207F31E1144FB8700256864 /* ReferenzViewController.m in Sources */,
				F29CAD5212AC3E1800139C35 /* Calculator.m in Sources */,
				F2A120A2149D0D1500AD3215 /* HistoryTableViewController.m in Sources */,
				F24E12A022DF4F4300F4038F /* PhyFormulaSection.m in Sources */,
				F2A120AA149D351700AD3215 /* HistoryTableViewCell.m in Sources */,
				F2F76E5022DF519400834CA2 /* PhyMainSection.m in Sources */,
				F2D84C7922D68BA200B9DA2A /* ConstantCell.m in Sources */,
				F24E129C22DF4D8000F4038F /* PhyFormula.m in Sources */,
				F24E129D22DF4D8000F4038F /* PhyCollectionTableViewController.m in Sources */,
				F294101422E7AD1B00379868 /* CaveScene.swift in Sources */,
				F2A120BE149E793100AD3215 /* ChemieTableViewController.m in Sources */,
				F2F76E5622DF53E900834CA2 /* PhyMainSectionCell.m in Sources */,
				F205EA8614ACB9DC001F8AF6 /* CollectionOfElementsView.m in Sources */,
				F2D84C7C22D68C0600B9DA2A /* CalculatorConstant.m in Sources */,
				F205EA8914ACBF2E001F8AF6 /* CollectionOfElementsViewController.m in Sources */,
				F2F76E4D22DF504900834CA2 /* PhyDiscipline.m in Sources */,
				F29558B620615546001D776D /* GeneralCalculatorView.m in Sources */,
			);
			runOnlyForDeploymentPostprocessing = 0;
		};
		F239BAC420F8C0CD00612965 /* Sources */ = {
			isa = PBXSourcesBuildPhase;
			buildActionMask = 2147483647;
			files = (
				F239BAD420F8C12D00612965 /* GeneralCalculatorViewControllerTests.m in Sources */,
				F29F212D22E1EB4400426712 /* CalculatorTests.m in Sources */,
			);
			runOnlyForDeploymentPostprocessing = 0;
		};
/* End PBXSourcesBuildPhase section */

/* Begin PBXTargetDependency section */
		F239BACE20F8C0CE00612965 /* PBXTargetDependency */ = {
			isa = PBXTargetDependency;
			target = 1D6058900D05DD3D006BFB54 /* PhysForm */;
			targetProxy = F239BACD20F8C0CE00612965 /* PBXContainerItemProxy */;
		};
/* End PBXTargetDependency section */

/* Begin PBXVariantGroup section */
		F270E2041005DD7000843391 /* Localizable.strings */ = {
			isa = PBXVariantGroup;
			children = (
				F270E2051005DD7000843391 /* de */,
				F270E2081005DDE400843391 /* en */,
			);
			name = Localizable.strings;
			sourceTree = "<group>";
		};
/* End PBXVariantGroup section */

/* Begin XCBuildConfiguration section */
		1D6058940D05DD3E006BFB54 /* Debug */ = {
			isa = XCBuildConfiguration;
			buildSettings = {
				ALWAYS_SEARCH_USER_PATHS = NO;
				ASSETCATALOG_COMPILER_APPICON_NAME = AppIcon;
				CLANG_ENABLE_MODULES = YES;
				CLANG_ENABLE_OBJC_ARC = YES;
				CODE_SIGN_IDENTITY = "iPhone Developer";
				"CODE_SIGN_IDENTITY[sdk=iphoneos*]" = "iPhone Developer";
				CODE_SIGN_STYLE = Automatic;
				COPY_PHASE_STRIP = NO;
				DEFINES_MODULE = YES;
				DEVELOPMENT_TEAM = Q6PD97MRX4;
				GCC_DYNAMIC_NO_PIC = NO;
				GCC_OPTIMIZATION_LEVEL = 0;
				GCC_PRECOMPILE_PREFIX_HEADER = YES;
				GCC_PREFIX_HEADER = PhysForm_Prefix.pch;
				INFOPLIST_FILE = Info.plist;
				IPHONEOS_DEPLOYMENT_TARGET = 11.0;
				LD_RUNPATH_SEARCH_PATHS = "$(inherited) @executable_path/Frameworks";
				PRODUCT_BUNDLE_IDENTIFIER = com.yourcompany.phy;
				PRODUCT_NAME = Phy;
				"PROVISIONING_PROFILE[sdk=iphoneos*]" = "";
				PROVISIONING_PROFILE_SPECIFIER = "";
				SDKROOT = iphoneos;
				SWIFT_OBJC_BRIDGING_HEADER = "Classes/PhysForm-Bridging-Header.h";
				SWIFT_OPTIMIZATION_LEVEL = "-Onone";
				SWIFT_VERSION = 5.0;
				TARGETED_DEVICE_FAMILY = "1,2";
			};
			name = Debug;
		};
		1D6058950D05DD3E006BFB54 /* Release */ = {
			isa = XCBuildConfiguration;
			buildSettings = {
				ALWAYS_SEARCH_USER_PATHS = NO;
				ASSETCATALOG_COMPILER_APPICON_NAME = AppIcon;
				CLANG_ENABLE_MODULES = YES;
				CLANG_ENABLE_OBJC_ARC = YES;
				CODE_SIGN_IDENTITY = "iPhone Developer";
				"CODE_SIGN_IDENTITY[sdk=iphoneos*]" = "iPhone Developer";
				CODE_SIGN_STYLE = Automatic;
				COPY_PHASE_STRIP = YES;
				DEFINES_MODULE = YES;
				DEVELOPMENT_TEAM = Q6PD97MRX4;
				GCC_PRECOMPILE_PREFIX_HEADER = YES;
				GCC_PREFIX_HEADER = PhysForm_Prefix.pch;
				INFOPLIST_FILE = Info.plist;
				IPHONEOS_DEPLOYMENT_TARGET = 11.0;
				LD_RUNPATH_SEARCH_PATHS = "$(inherited) @executable_path/Frameworks";
				PRODUCT_BUNDLE_IDENTIFIER = com.yourcompany.phy;
				PRODUCT_NAME = Phy;
				"PROVISIONING_PROFILE[sdk=iphoneos*]" = "";
				PROVISIONING_PROFILE_SPECIFIER = "";
				SDKROOT = iphoneos;
				SWIFT_OBJC_BRIDGING_HEADER = "Classes/PhysForm-Bridging-Header.h";
				SWIFT_VERSION = 5.0;
				TARGETED_DEVICE_FAMILY = "1,2";
			};
			name = Release;
		};
		C01FCF4F08A954540054247B /* Debug */ = {
			isa = XCBuildConfiguration;
			buildSettings = {
				CLANG_ANALYZER_LOCALIZABILITY_NONLOCALIZED = YES;
				CLANG_WARN_BLOCK_CAPTURE_AUTORELEASING = YES;
				CLANG_WARN_BOOL_CONVERSION = YES;
				CLANG_WARN_COMMA = YES;
				CLANG_WARN_CONSTANT_CONVERSION = YES;
				CLANG_WARN_DEPRECATED_OBJC_IMPLEMENTATIONS = YES;
				CLANG_WARN_EMPTY_BODY = YES;
				CLANG_WARN_ENUM_CONVERSION = YES;
				CLANG_WARN_INFINITE_RECURSION = YES;
				CLANG_WARN_INT_CONVERSION = YES;
				CLANG_WARN_NON_LITERAL_NULL_CONVERSION = YES;
				CLANG_WARN_OBJC_IMPLICIT_RETAIN_SELF = YES;
				CLANG_WARN_OBJC_LITERAL_CONVERSION = YES;
				CLANG_WARN_RANGE_LOOP_ANALYSIS = YES;
				CLANG_WARN_STRICT_PROTOTYPES = YES;
				CLANG_WARN_SUSPICIOUS_MOVE = YES;
				CLANG_WARN_UNREACHABLE_CODE = YES;
				CLANG_WARN__DUPLICATE_METHOD_MATCH = YES;
				"CODE_SIGN_IDENTITY[sdk=iphoneos*]" = "iPhone Developer: Dominik Hauser (MNX8UVNQT5)";
				ENABLE_STRICT_OBJC_MSGSEND = YES;
				ENABLE_TESTABILITY = YES;
				GCC_C_LANGUAGE_STANDARD = c99;
				GCC_NO_COMMON_BLOCKS = YES;
				GCC_PREPROCESSOR_DEFINITIONS = DEBUG;
				GCC_WARN_64_TO_32_BIT_CONVERSION = YES;
				GCC_WARN_ABOUT_RETURN_TYPE = YES;
				GCC_WARN_UNDECLARED_SELECTOR = YES;
				GCC_WARN_UNINITIALIZED_AUTOS = YES;
				GCC_WARN_UNUSED_FUNCTION = YES;
				GCC_WARN_UNUSED_VARIABLE = YES;
				ONLY_ACTIVE_ARCH = YES;
				OTHER_LDFLAGS = "";
				"PROVISIONING_PROFILE[sdk=iphoneos*]" = "2CB9CE06-C2B9-4F35-B1CE-DC9AA7474CB2";
				SDKROOT = iphoneos;
			};
			name = Debug;
		};
		C01FCF5008A954540054247B /* Release */ = {
			isa = XCBuildConfiguration;
			buildSettings = {
				CLANG_ANALYZER_LOCALIZABILITY_NONLOCALIZED = YES;
				CLANG_WARN_BLOCK_CAPTURE_AUTORELEASING = YES;
				CLANG_WARN_BOOL_CONVERSION = YES;
				CLANG_WARN_COMMA = YES;
				CLANG_WARN_CONSTANT_CONVERSION = YES;
				CLANG_WARN_DEPRECATED_OBJC_IMPLEMENTATIONS = YES;
				CLANG_WARN_EMPTY_BODY = YES;
				CLANG_WARN_ENUM_CONVERSION = YES;
				CLANG_WARN_INFINITE_RECURSION = YES;
				CLANG_WARN_INT_CONVERSION = YES;
				CLANG_WARN_NON_LITERAL_NULL_CONVERSION = YES;
				CLANG_WARN_OBJC_IMPLICIT_RETAIN_SELF = YES;
				CLANG_WARN_OBJC_LITERAL_CONVERSION = YES;
				CLANG_WARN_RANGE_LOOP_ANALYSIS = YES;
				CLANG_WARN_STRICT_PROTOTYPES = YES;
				CLANG_WARN_SUSPICIOUS_MOVE = YES;
				CLANG_WARN_UNREACHABLE_CODE = YES;
				CLANG_WARN__DUPLICATE_METHOD_MATCH = YES;
				"CODE_SIGN_IDENTITY[sdk=iphoneos*]" = "iPhone Developer: Dominik Hauser (MNX8UVNQT5)";
				ENABLE_STRICT_OBJC_MSGSEND = YES;
				GCC_C_LANGUAGE_STANDARD = c99;
				GCC_NO_COMMON_BLOCKS = YES;
				GCC_WARN_64_TO_32_BIT_CONVERSION = YES;
				GCC_WARN_ABOUT_RETURN_TYPE = YES;
				GCC_WARN_UNDECLARED_SELECTOR = YES;
				GCC_WARN_UNINITIALIZED_AUTOS = YES;
				GCC_WARN_UNUSED_FUNCTION = YES;
				GCC_WARN_UNUSED_VARIABLE = YES;
				"PROVISIONING_PROFILE[sdk=iphoneos*]" = "2CB9CE06-C2B9-4F35-B1CE-DC9AA7474CB2";
				SDKROOT = iphoneos;
			};
			name = Release;
		};
		F21C82341022259600522F12 /* Distribution */ = {
			isa = XCBuildConfiguration;
			buildSettings = {
				CLANG_ANALYZER_LOCALIZABILITY_NONLOCALIZED = YES;
				CLANG_WARN_BLOCK_CAPTURE_AUTORELEASING = YES;
				CLANG_WARN_BOOL_CONVERSION = YES;
				CLANG_WARN_COMMA = YES;
				CLANG_WARN_CONSTANT_CONVERSION = YES;
				CLANG_WARN_DEPRECATED_OBJC_IMPLEMENTATIONS = YES;
				CLANG_WARN_EMPTY_BODY = YES;
				CLANG_WARN_ENUM_CONVERSION = YES;
				CLANG_WARN_INFINITE_RECURSION = YES;
				CLANG_WARN_INT_CONVERSION = YES;
				CLANG_WARN_NON_LITERAL_NULL_CONVERSION = YES;
				CLANG_WARN_OBJC_IMPLICIT_RETAIN_SELF = YES;
				CLANG_WARN_OBJC_LITERAL_CONVERSION = YES;
				CLANG_WARN_RANGE_LOOP_ANALYSIS = YES;
				CLANG_WARN_STRICT_PROTOTYPES = YES;
				CLANG_WARN_SUSPICIOUS_MOVE = YES;
				CLANG_WARN_UNREACHABLE_CODE = YES;
				CLANG_WARN__DUPLICATE_METHOD_MATCH = YES;
				CODE_SIGN_IDENTITY = "iPhone Distribution: Dominik Hauser";
				"CODE_SIGN_IDENTITY[sdk=iphoneos*]" = "iPhone Distribution: Dominik Hauser";
				ENABLE_STRICT_OBJC_MSGSEND = YES;
				GCC_C_LANGUAGE_STANDARD = c99;
				GCC_NO_COMMON_BLOCKS = YES;
				GCC_WARN_64_TO_32_BIT_CONVERSION = YES;
				GCC_WARN_ABOUT_RETURN_TYPE = YES;
				GCC_WARN_UNDECLARED_SELECTOR = YES;
				GCC_WARN_UNINITIALIZED_AUTOS = YES;
				GCC_WARN_UNUSED_FUNCTION = YES;
				GCC_WARN_UNUSED_VARIABLE = YES;
				PROVISIONING_PROFILE = "F775E8D0-2EFA-4180-B1A6-6D8D00BE7574";
				"PROVISIONING_PROFILE[sdk=iphoneos*]" = "F775E8D0-2EFA-4180-B1A6-6D8D00BE7574";
				SDKROOT = iphoneos;
			};
			name = Distribution;
		};
		F21C82351022259600522F12 /* Distribution */ = {
			isa = XCBuildConfiguration;
			buildSettings = {
				ALWAYS_SEARCH_USER_PATHS = NO;
				ASSETCATALOG_COMPILER_APPICON_NAME = AppIcon;
				CLANG_ENABLE_MODULES = YES;
				CLANG_ENABLE_OBJC_ARC = YES;
				CODE_SIGN_IDENTITY = "iPhone Developer";
				"CODE_SIGN_IDENTITY[sdk=iphoneos*]" = "iPhone Distribution: Dominik Hauser";
				CODE_SIGN_STYLE = Automatic;
				COPY_PHASE_STRIP = YES;
				DEFINES_MODULE = YES;
				DEVELOPMENT_TEAM = Q6PD97MRX4;
				GCC_PRECOMPILE_PREFIX_HEADER = YES;
				GCC_PREFIX_HEADER = PhysForm_Prefix.pch;
				INFOPLIST_FILE = Info.plist;
				IPHONEOS_DEPLOYMENT_TARGET = 11.0;
				LD_RUNPATH_SEARCH_PATHS = "$(inherited) @executable_path/Frameworks";
				PRODUCT_BUNDLE_IDENTIFIER = com.yourcompany.phy;
				PRODUCT_NAME = Phy;
				PROVISIONING_PROFILE = "";
				"PROVISIONING_PROFILE[sdk=iphoneos*]" = "D567812F-663E-418F-9D37-73687E8BC730";
				PROVISIONING_PROFILE_SPECIFIER = "";
				SDKROOT = iphoneos;
				SWIFT_OBJC_BRIDGING_HEADER = "Classes/PhysForm-Bridging-Header.h";
				SWIFT_VERSION = 5.0;
				TARGETED_DEVICE_FAMILY = "1,2";
				VALIDATE_PRODUCT = YES;
			};
			name = Distribution;
		};
		F239BAD020F8C0CE00612965 /* Debug */ = {
			isa = XCBuildConfiguration;
			buildSettings = {
				ALWAYS_EMBED_SWIFT_STANDARD_LIBRARIES = YES;
				ALWAYS_SEARCH_USER_PATHS = NO;
				BUNDLE_LOADER = "$(TEST_HOST)";
				CLANG_ANALYZER_NONNULL = YES;
				CLANG_ANALYZER_NUMBER_OBJECT_CONVERSION = YES_AGGRESSIVE;
				CLANG_CXX_LANGUAGE_STANDARD = "gnu++14";
				CLANG_CXX_LIBRARY = "libc++";
				CLANG_ENABLE_MODULES = YES;
				CLANG_ENABLE_OBJC_ARC = YES;
				CLANG_WARN_DIRECT_OBJC_ISA_USAGE = YES_ERROR;
				CLANG_WARN_DOCUMENTATION_COMMENTS = YES;
				CLANG_WARN_OBJC_ROOT_CLASS = YES_ERROR;
				CLANG_WARN_UNGUARDED_AVAILABILITY = YES_AGGRESSIVE;
				CODE_SIGN_IDENTITY = "iPhone Developer";
				CODE_SIGN_STYLE = Automatic;
				COPY_PHASE_STRIP = NO;
				DEBUG_INFORMATION_FORMAT = dwarf;
				DEVELOPMENT_TEAM = Q6PD97MRX4;
				GCC_C_LANGUAGE_STANDARD = gnu11;
				GCC_DYNAMIC_NO_PIC = NO;
				GCC_OPTIMIZATION_LEVEL = 0;
				GCC_PREPROCESSOR_DEFINITIONS = (
					"DEBUG=1",
					"$(inherited)",
				);
				GCC_WARN_ABOUT_RETURN_TYPE = YES_ERROR;
				GCC_WARN_UNINITIALIZED_AUTOS = YES_AGGRESSIVE;
				INFOPLIST_FILE = PhyTests/Info.plist;
				IPHONEOS_DEPLOYMENT_TARGET = 11.1;
				LD_RUNPATH_SEARCH_PATHS = "$(inherited) @executable_path/Frameworks @loader_path/Frameworks";
				MTL_ENABLE_DEBUG_INFO = YES;
				PRODUCT_BUNDLE_IDENTIFIER = de.dasdom.PhyTests;
				PRODUCT_NAME = "$(TARGET_NAME)";
				TARGETED_DEVICE_FAMILY = "1,2";
				TEST_HOST = "$(BUILT_PRODUCTS_DIR)/Phy.app/Phy";
			};
			name = Debug;
		};
		F239BAD120F8C0CE00612965 /* Release */ = {
			isa = XCBuildConfiguration;
			buildSettings = {
				ALWAYS_EMBED_SWIFT_STANDARD_LIBRARIES = YES;
				ALWAYS_SEARCH_USER_PATHS = NO;
				BUNDLE_LOADER = "$(TEST_HOST)";
				CLANG_ANALYZER_NONNULL = YES;
				CLANG_ANALYZER_NUMBER_OBJECT_CONVERSION = YES_AGGRESSIVE;
				CLANG_CXX_LANGUAGE_STANDARD = "gnu++14";
				CLANG_CXX_LIBRARY = "libc++";
				CLANG_ENABLE_MODULES = YES;
				CLANG_ENABLE_OBJC_ARC = YES;
				CLANG_WARN_DIRECT_OBJC_ISA_USAGE = YES_ERROR;
				CLANG_WARN_DOCUMENTATION_COMMENTS = YES;
				CLANG_WARN_OBJC_ROOT_CLASS = YES_ERROR;
				CLANG_WARN_UNGUARDED_AVAILABILITY = YES_AGGRESSIVE;
				CODE_SIGN_IDENTITY = "iPhone Developer";
				CODE_SIGN_STYLE = Automatic;
				COPY_PHASE_STRIP = NO;
				DEBUG_INFORMATION_FORMAT = "dwarf-with-dsym";
				DEVELOPMENT_TEAM = Q6PD97MRX4;
				ENABLE_NS_ASSERTIONS = NO;
				GCC_C_LANGUAGE_STANDARD = gnu11;
				GCC_WARN_ABOUT_RETURN_TYPE = YES_ERROR;
				GCC_WARN_UNINITIALIZED_AUTOS = YES_AGGRESSIVE;
				INFOPLIST_FILE = PhyTests/Info.plist;
				IPHONEOS_DEPLOYMENT_TARGET = 11.1;
				LD_RUNPATH_SEARCH_PATHS = "$(inherited) @executable_path/Frameworks @loader_path/Frameworks";
				MTL_ENABLE_DEBUG_INFO = NO;
				PRODUCT_BUNDLE_IDENTIFIER = de.dasdom.PhyTests;
				PRODUCT_NAME = "$(TARGET_NAME)";
				TARGETED_DEVICE_FAMILY = "1,2";
				TEST_HOST = "$(BUILT_PRODUCTS_DIR)/Phy.app/Phy";
				VALIDATE_PRODUCT = YES;
			};
			name = Release;
		};
		F239BAD220F8C0CE00612965 /* Distribution */ = {
			isa = XCBuildConfiguration;
			buildSettings = {
				ALWAYS_EMBED_SWIFT_STANDARD_LIBRARIES = YES;
				ALWAYS_SEARCH_USER_PATHS = NO;
				BUNDLE_LOADER = "$(TEST_HOST)";
				CLANG_ANALYZER_NONNULL = YES;
				CLANG_ANALYZER_NUMBER_OBJECT_CONVERSION = YES_AGGRESSIVE;
				CLANG_CXX_LANGUAGE_STANDARD = "gnu++14";
				CLANG_CXX_LIBRARY = "libc++";
				CLANG_ENABLE_MODULES = YES;
				CLANG_ENABLE_OBJC_ARC = YES;
				CLANG_WARN_DIRECT_OBJC_ISA_USAGE = YES_ERROR;
				CLANG_WARN_DOCUMENTATION_COMMENTS = YES;
				CLANG_WARN_OBJC_ROOT_CLASS = YES_ERROR;
				CLANG_WARN_UNGUARDED_AVAILABILITY = YES_AGGRESSIVE;
				CODE_SIGN_IDENTITY = "iPhone Developer";
				CODE_SIGN_STYLE = Automatic;
				COPY_PHASE_STRIP = NO;
				DEBUG_INFORMATION_FORMAT = "dwarf-with-dsym";
				DEVELOPMENT_TEAM = Q6PD97MRX4;
				ENABLE_NS_ASSERTIONS = NO;
				GCC_C_LANGUAGE_STANDARD = gnu11;
				GCC_WARN_ABOUT_RETURN_TYPE = YES_ERROR;
				GCC_WARN_UNINITIALIZED_AUTOS = YES_AGGRESSIVE;
				INFOPLIST_FILE = PhyTests/Info.plist;
				IPHONEOS_DEPLOYMENT_TARGET = 11.1;
				LD_RUNPATH_SEARCH_PATHS = "$(inherited) @executable_path/Frameworks @loader_path/Frameworks";
				MTL_ENABLE_DEBUG_INFO = NO;
				PRODUCT_BUNDLE_IDENTIFIER = de.dasdom.PhyTests;
				PRODUCT_NAME = "$(TARGET_NAME)";
				TARGETED_DEVICE_FAMILY = "1,2";
				TEST_HOST = "$(BUILT_PRODUCTS_DIR)/Phy.app/Phy";
				VALIDATE_PRODUCT = YES;
			};
			name = Distribution;
		};
/* End XCBuildConfiguration section */

/* Begin XCConfigurationList section */
		1D6058960D05DD3E006BFB54 /* Build configuration list for PBXNativeTarget "PhysForm" */ = {
			isa = XCConfigurationList;
			buildConfigurations = (
				1D6058940D05DD3E006BFB54 /* Debug */,
				1D6058950D05DD3E006BFB54 /* Release */,
				F21C82351022259600522F12 /* Distribution */,
			);
			defaultConfigurationIsVisible = 0;
			defaultConfigurationName = Release;
		};
		C01FCF4E08A954540054247B /* Build configuration list for PBXProject "PhysForm" */ = {
			isa = XCConfigurationList;
			buildConfigurations = (
				C01FCF4F08A954540054247B /* Debug */,
				C01FCF5008A954540054247B /* Release */,
				F21C82341022259600522F12 /* Distribution */,
			);
			defaultConfigurationIsVisible = 0;
			defaultConfigurationName = Release;
		};
		F239BACF20F8C0CE00612965 /* Build configuration list for PBXNativeTarget "PhyTests" */ = {
			isa = XCConfigurationList;
			buildConfigurations = (
				F239BAD020F8C0CE00612965 /* Debug */,
				F239BAD120F8C0CE00612965 /* Release */,
				F239BAD220F8C0CE00612965 /* Distribution */,
			);
			defaultConfigurationIsVisible = 0;
			defaultConfigurationName = Release;
		};
/* End XCConfigurationList section */
	};
	rootObject = 29B97313FDCFA39411CA2CEA /* Project object */;
}
