{
  "pins" : [
    {
      "identity" : "commonextensions",
      "kind" : "remoteSourceControl",
      "location" : "https://github.com/dasdom/CommonExtensions.git",
      "state" : {
        "revision" : "bc92c8c342779f9935f9fdb343ef28b15e63fc27",
        "version" : "0.1.1"
      }
    },
    {
      "identity" : "viewinspector",
      "kind" : "remoteSourceControl",
      "location" : "https://github.com/nalexn/ViewInspector",
      "state" : {
        "revision" : "67319287749b83f39dcc2f20edd520c610c012fd",
        "version" : "0.9.10"
      }
    }
  ],
  "version" : 2
}
