{
  "pins" : [
    {
      "identity" : "commonextensions",
      "kind" : "remoteSourceControl",
      "location" : "https://github.com/dasdom/CommonExtensions.git",
      "state" : {
        "revision" : "bc92c8c342779f9935f9fdb343ef28b15e63fc27",
        "version" : "0.1.1"
      }
    },
    {
      "identity" : "viewinspector",
      "kind" : "remoteSourceControl",
      "location" : "https://github.com/nalexn/ViewInspector",
      "state" : {
        "revision" : "ac7df67c4e0593470eda90a550f8493a81609745",
        "version" : "0.9.2"
      }
    }
  ],
  "version" : 2
}
